{
  "name": "kompetansemodul-web",
  "version": "0.0.0",
  "lockfileVersion": 2,
  "requires": true,
  "packages": {
    "": {
      "name": "kompetansemodul-web",
      "version": "0.0.0",
      "dependencies": {
        "@azure/msal-browser": "2.28.3",
        "axios": "0.27.2",
        "svelte-icon": "1.2.4",
        "svelte-icons": "2.1.0",
        "svelte-navigator": "3.2.2"
      },
      "devDependencies": {
        "@sveltejs/vite-plugin-svelte": "1.0.8",
        "svelte": "3.50.1",
        "vite": "3.1.4"
      }
    },
    "node_modules/@azure/msal-browser": {
      "version": "2.28.3",
      "resolved": "https://registry.npmjs.org/@azure/msal-browser/-/msal-browser-2.28.3.tgz",
      "integrity": "sha512-2SdyH2el3s8BzPURf9RK17BvvXvaMEGpLc3D9WilZcmjJqP4nStVH7Ogwr/SNTuGV48FUhqEkP0RxDvzuFJSIw==",
      "dependencies": {
        "@azure/msal-common": "^7.4.1"
      },
      "engines": {
        "node": ">=0.8.0"
      }
    },
    "node_modules/@azure/msal-common": {
      "version": "7.4.1",
      "resolved": "https://registry.npmjs.org/@azure/msal-common/-/msal-common-7.4.1.tgz",
      "integrity": "sha512-zxcxg9pRdgGTS5mrRJeQvwA8aIjD8qSGzaAiz5SeTVkyhtjB0AeFnAcvBOKHv/TkswWNfYKpERxsXOAKXkXk0w==",
      "engines": {
        "node": ">=0.8.0"
      }
    },
    "node_modules/@rollup/pluginutils": {
      "version": "4.2.1",
      "dev": true,
      "license": "MIT",
      "dependencies": {
        "estree-walker": "^2.0.1",
        "picomatch": "^2.2.2"
      },
      "engines": {
        "node": ">= 8.0.0"
      }
    },
    "node_modules/@sveltejs/vite-plugin-svelte": {
      "version": "1.0.8",
      "resolved": "https://registry.npmjs.org/@sveltejs/vite-plugin-svelte/-/vite-plugin-svelte-1.0.8.tgz",
      "integrity": "sha512-1xkVTB4pm6zuign858FzVYE9Fdw9MQBOlxrdd85STV0NvTDmcofcRpcrK+zcIyT8SZ2dseHLu8hvDwzssF6RfA==",
      "dev": true,
      "dependencies": {
        "@rollup/pluginutils": "^4.2.1",
        "debug": "^4.3.4",
        "deepmerge": "^4.2.2",
        "kleur": "^4.1.5",
        "magic-string": "^0.26.3",
        "svelte-hmr": "^0.15.0"
      },
      "engines": {
        "node": "^14.18.0 || >= 16"
      },
      "peerDependencies": {
        "diff-match-patch": "^1.0.5",
        "svelte": "^3.44.0",
        "vite": "^3.0.0"
      },
      "peerDependenciesMeta": {
        "diff-match-patch": {
          "optional": true
        }
      }
    },
    "node_modules/asynckit": {
      "version": "0.4.0",
      "license": "MIT"
    },
    "node_modules/axios": {
      "version": "0.27.2",
      "resolved": "https://registry.npmjs.org/axios/-/axios-0.27.2.tgz",
      "integrity": "sha512-t+yRIyySRTp/wua5xEr+z1q60QmLq8ABsS5O9Me1AsE5dfKqgnCFzwiCZZ/cGNd1lq4/7akDWMxdhVlucjmnOQ==",
      "dependencies": {
        "follow-redirects": "^1.14.9",
        "form-data": "^4.0.0"
      }
    },
    "node_modules/combined-stream": {
      "version": "1.0.8",
      "license": "MIT",
      "dependencies": {
        "delayed-stream": "~1.0.0"
      },
      "engines": {
        "node": ">= 0.8"
      }
    },
    "node_modules/debug": {
      "version": "4.3.4",
      "dev": true,
      "license": "MIT",
      "dependencies": {
        "ms": "2.1.2"
      },
      "engines": {
        "node": ">=6.0"
      },
      "peerDependenciesMeta": {
        "supports-color": {
          "optional": true
        }
      }
    },
    "node_modules/dedent-js": {
      "version": "1.0.1",
      "license": "MIT"
    },
    "node_modules/deepmerge": {
      "version": "4.2.2",
      "dev": true,
      "license": "MIT",
      "engines": {
        "node": ">=0.10.0"
      }
    },
    "node_modules/delayed-stream": {
      "version": "1.0.0",
      "license": "MIT",
      "engines": {
        "node": ">=0.4.0"
      }
    },
    "node_modules/esbuild": {
      "version": "0.15.7",
      "dev": true,
      "hasInstallScript": true,
      "license": "MIT",
      "bin": {
        "esbuild": "bin/esbuild"
      },
      "engines": {
        "node": ">=12"
      },
      "optionalDependencies": {
        "@esbuild/linux-loong64": "0.15.7",
        "esbuild-android-64": "0.15.7",
        "esbuild-android-arm64": "0.15.7",
        "esbuild-darwin-64": "0.15.7",
        "esbuild-darwin-arm64": "0.15.7",
        "esbuild-freebsd-64": "0.15.7",
        "esbuild-freebsd-arm64": "0.15.7",
        "esbuild-linux-32": "0.15.7",
        "esbuild-linux-64": "0.15.7",
        "esbuild-linux-arm": "0.15.7",
        "esbuild-linux-arm64": "0.15.7",
        "esbuild-linux-mips64le": "0.15.7",
        "esbuild-linux-ppc64le": "0.15.7",
        "esbuild-linux-riscv64": "0.15.7",
        "esbuild-linux-s390x": "0.15.7",
        "esbuild-netbsd-64": "0.15.7",
        "esbuild-openbsd-64": "0.15.7",
        "esbuild-sunos-64": "0.15.7",
        "esbuild-windows-32": "0.15.7",
        "esbuild-windows-64": "0.15.7",
        "esbuild-windows-arm64": "0.15.7"
      }
    },
    "node_modules/esbuild-windows-64": {
      "version": "0.15.7",
      "cpu": [
        "x64"
      ],
      "dev": true,
      "license": "MIT",
      "optional": true,
      "os": [
        "win32"
      ],
      "engines": {
        "node": ">=12"
      }
    },
    "node_modules/estree-walker": {
      "version": "2.0.2",
      "dev": true,
      "license": "MIT"
    },
    "node_modules/follow-redirects": {
      "version": "1.15.1",
      "funding": [
        {
          "type": "individual",
          "url": "https://github.com/sponsors/RubenVerborgh"
        }
      ],
      "license": "MIT",
      "engines": {
        "node": ">=4.0"
      },
      "peerDependenciesMeta": {
        "debug": {
          "optional": true
        }
      }
    },
    "node_modules/form-data": {
      "version": "4.0.0",
      "license": "MIT",
      "dependencies": {
        "asynckit": "^0.4.0",
        "combined-stream": "^1.0.8",
        "mime-types": "^2.1.12"
      },
      "engines": {
        "node": ">= 6"
      }
    },
    "node_modules/fsevents": {
      "version": "2.3.2",
      "resolved": "https://registry.npmjs.org/fsevents/-/fsevents-2.3.2.tgz",
      "integrity": "sha512-xiqMQR4xAeHTuB9uWm+fFRcIOgKBMiOBP+eXiyT7jsgVCq1bkVygt00oASowB7EdtpOHaaPgKt812P9ab+DDKA==",
      "dev": true,
      "hasInstallScript": true,
      "optional": true,
      "os": [
        "darwin"
      ],
      "engines": {
        "node": "^8.16.0 || ^10.6.0 || >=11.0.0"
      }
    },
    "node_modules/function-bind": {
      "version": "1.1.1",
      "dev": true,
      "license": "MIT"
    },
    "node_modules/has": {
      "version": "1.0.3",
      "dev": true,
      "license": "MIT",
      "dependencies": {
        "function-bind": "^1.1.1"
      },
      "engines": {
        "node": ">= 0.4.0"
      }
    },
    "node_modules/is-core-module": {
      "version": "2.10.0",
      "dev": true,
      "license": "MIT",
      "dependencies": {
        "has": "^1.0.3"
      },
      "funding": {
        "url": "https://github.com/sponsors/ljharb"
      }
    },
    "node_modules/kleur": {
      "version": "4.1.5",
      "dev": true,
      "license": "MIT",
      "engines": {
        "node": ">=6"
      }
    },
    "node_modules/lower-case": {
      "version": "2.0.2",
      "license": "MIT",
      "dependencies": {
        "tslib": "^2.0.3"
      }
    },
    "node_modules/magic-string": {
      "version": "0.26.3",
      "dev": true,
      "license": "MIT",
      "dependencies": {
        "sourcemap-codec": "^1.4.8"
      },
      "engines": {
        "node": ">=12"
      }
    },
    "node_modules/mime-db": {
      "version": "1.52.0",
      "license": "MIT",
      "engines": {
        "node": ">= 0.6"
      }
    },
    "node_modules/mime-types": {
      "version": "2.1.35",
      "license": "MIT",
      "dependencies": {
        "mime-db": "1.52.0"
      },
      "engines": {
        "node": ">= 0.6"
      }
    },
    "node_modules/ms": {
      "version": "2.1.2",
      "dev": true,
      "license": "MIT"
    },
    "node_modules/nanoid": {
      "version": "3.3.4",
      "dev": true,
      "license": "MIT",
      "bin": {
        "nanoid": "bin/nanoid.cjs"
      },
      "engines": {
        "node": "^10 || ^12 || ^13.7 || ^14 || >=15.0.1"
      }
    },
    "node_modules/no-case": {
      "version": "3.0.4",
      "license": "MIT",
      "dependencies": {
        "lower-case": "^2.0.2",
        "tslib": "^2.0.3"
      }
    },
    "node_modules/pascal-case": {
      "version": "3.1.2",
      "license": "MIT",
      "dependencies": {
        "no-case": "^3.0.4",
        "tslib": "^2.0.3"
      }
    },
    "node_modules/path-parse": {
      "version": "1.0.7",
      "dev": true,
      "license": "MIT"
    },
    "node_modules/picocolors": {
      "version": "1.0.0",
      "dev": true,
      "license": "ISC"
    },
    "node_modules/picomatch": {
      "version": "2.3.1",
      "dev": true,
      "license": "MIT",
      "engines": {
        "node": ">=8.6"
      },
      "funding": {
        "url": "https://github.com/sponsors/jonschlinkert"
      }
    },
    "node_modules/postcss": {
      "version": "8.4.16",
      "dev": true,
      "funding": [
        {
          "type": "opencollective",
          "url": "https://opencollective.com/postcss/"
        },
        {
          "type": "tidelift",
          "url": "https://tidelift.com/funding/github/npm/postcss"
        }
      ],
      "license": "MIT",
      "dependencies": {
        "nanoid": "^3.3.4",
        "picocolors": "^1.0.0",
        "source-map-js": "^1.0.2"
      },
      "engines": {
        "node": "^10 || ^12 || >=14"
      }
    },
    "node_modules/resolve": {
      "version": "1.22.1",
      "dev": true,
      "license": "MIT",
      "dependencies": {
        "is-core-module": "^2.9.0",
        "path-parse": "^1.0.7",
        "supports-preserve-symlinks-flag": "^1.0.0"
      },
      "bin": {
        "resolve": "bin/resolve"
      },
      "funding": {
        "url": "https://github.com/sponsors/ljharb"
      }
    },
    "node_modules/rollup": {
      "version": "2.78.1",
      "dev": true,
      "license": "MIT",
      "bin": {
        "rollup": "dist/bin/rollup"
      },
      "engines": {
        "node": ">=10.0.0"
      },
      "optionalDependencies": {
        "fsevents": "~2.3.2"
      }
    },
    "node_modules/source-map-js": {
      "version": "1.0.2",
      "dev": true,
      "license": "BSD-3-Clause",
      "engines": {
        "node": ">=0.10.0"
      }
    },
    "node_modules/sourcemap-codec": {
      "version": "1.4.8",
      "dev": true,
      "license": "MIT"
    },
    "node_modules/supports-preserve-symlinks-flag": {
      "version": "1.0.0",
      "dev": true,
      "license": "MIT",
      "engines": {
        "node": ">= 0.4"
      },
      "funding": {
        "url": "https://github.com/sponsors/ljharb"
      }
    },
    "node_modules/svelte": {
      "version": "3.50.1",
      "resolved": "https://registry.npmjs.org/svelte/-/svelte-3.50.1.tgz",
      "integrity": "sha512-bS4odcsdj5D5jEg6riZuMg5NKelzPtmsCbD9RG+8umU03TeNkdWnP6pqbCm0s8UQNBkqk29w/Bdubn3C+HWSwA==",
      "engines": {
        "node": ">= 8"
      }
    },
    "node_modules/svelte-hmr": {
      "version": "0.15.0",
      "resolved": "https://registry.npmjs.org/svelte-hmr/-/svelte-hmr-0.15.0.tgz",
      "integrity": "sha512-Aw21SsyoohyVn4yiKXWPNCSW2DQNH/76kvUnE9kpt4h9hcg9tfyQc6xshx9hzgMfGF0kVx0EGD8oBMWSnATeOg==",
      "dev": true,
      "engines": {
        "node": "^12.20 || ^14.13.1 || >= 16"
      },
      "peerDependencies": {
        "svelte": ">=3.19.0"
      }
    },
    "node_modules/svelte-icon": {
      "version": "1.2.4",
      "resolved": "https://registry.npmjs.org/svelte-icon/-/svelte-icon-1.2.4.tgz",
      "integrity": "sha512-fDdTKQAaWUFRRR1f4l65ynXdoAcsR8ikL8G9hOh7gGrjlx/44Ka6flEJHR5mCKoAN/A11n8pd96QcKZpxvmbIQ=="
    },
    "node_modules/svelte-icons": {
      "version": "2.1.0",
      "resolved": "https://registry.npmjs.org/svelte-icons/-/svelte-icons-2.1.0.tgz",
      "integrity": "sha512-rHPQjweEc9fGSnvM0/4gA3pDHwyZyYsC5KhttCZRhSMJfLttJST5Uq0B16Czhw+HQ+HbSOk8kLigMlPs7gZtfg=="
    },
    "node_modules/svelte-navigator": {
      "version": "3.2.2",
      "resolved": "https://registry.npmjs.org/svelte-navigator/-/svelte-navigator-3.2.2.tgz",
      "integrity": "sha512-Xio4ohLUG1nQJ+ENNbLphXXu9L189fnI1WGg+2Q3CIMPe8Jm2ipytKQthdBs8t0mN7p3Eb03SE9hq0xZAqwQNQ==",
      "hasInstallScript": true,
      "dependencies": {
        "svelte2tsx": "^0.1.151"
      },
      "peerDependencies": {
        "svelte": "3.x"
      }
    },
    "node_modules/svelte2tsx": {
      "version": "0.1.193",
      "license": "MIT",
      "dependencies": {
        "dedent-js": "^1.0.1",
        "pascal-case": "^3.1.1"
      },
      "peerDependencies": {
        "svelte": "^3.24",
        "typescript": "^4.1.2"
      }
    },
    "node_modules/tslib": {
      "version": "2.4.0",
      "license": "0BSD"
    },
    "node_modules/typescript": {
      "version": "4.8.4",
      "resolved": "https://registry.npmjs.org/typescript/-/typescript-4.8.4.tgz",
      "integrity": "sha512-QCh+85mCy+h0IGff8r5XWzOVSbBO+KfeYrMQh7NJ58QujwcE22u+NUSmUxqF+un70P9GXKxa2HCNiTTMJknyjQ==",
      "peer": true,
      "bin": {
        "tsc": "bin/tsc",
        "tsserver": "bin/tsserver"
      },
      "engines": {
        "node": ">=4.2.0"
      }
    },
    "node_modules/vite": {
      "version": "3.1.4",
      "resolved": "https://registry.npmjs.org/vite/-/vite-3.1.4.tgz",
      "integrity": "sha512-JoQI08aBjY9lycL7jcEq4p9o1xUjq5aRvdH4KWaXtkSx7e7RpAh9D3IjzDWRD4Fg44LS3oDAIOG/Kq1L+82psA==",
      "dev": true,
      "dependencies": {
        "esbuild": "^0.15.6",
        "postcss": "^8.4.16",
        "resolve": "^1.22.1",
        "rollup": "~2.78.0"
      },
      "bin": {
        "vite": "bin/vite.js"
      },
      "engines": {
        "node": "^14.18.0 || >=16.0.0"
      },
      "optionalDependencies": {
        "fsevents": "~2.3.2"
      },
      "peerDependencies": {
        "less": "*",
        "sass": "*",
        "stylus": "*",
        "terser": "^5.4.0"
      },
      "peerDependenciesMeta": {
        "less": {
          "optional": true
        },
        "sass": {
          "optional": true
        },
        "stylus": {
          "optional": true
        },
        "terser": {
          "optional": true
        }
      }
    }
  },
  "dependencies": {
    "@azure/msal-browser": {
      "version": "2.28.3",
      "resolved": "https://registry.npmjs.org/@azure/msal-browser/-/msal-browser-2.28.3.tgz",
      "integrity": "sha512-2SdyH2el3s8BzPURf9RK17BvvXvaMEGpLc3D9WilZcmjJqP4nStVH7Ogwr/SNTuGV48FUhqEkP0RxDvzuFJSIw==",
      "requires": {
        "@azure/msal-common": "^7.4.1"
      }
    },
    "@azure/msal-common": {
      "version": "7.4.1",
      "resolved": "https://registry.npmjs.org/@azure/msal-common/-/msal-common-7.4.1.tgz",
      "integrity": "sha512-zxcxg9pRdgGTS5mrRJeQvwA8aIjD8qSGzaAiz5SeTVkyhtjB0AeFnAcvBOKHv/TkswWNfYKpERxsXOAKXkXk0w=="
    },
    "@rollup/pluginutils": {
      "version": "4.2.1",
      "dev": true,
      "requires": {
        "estree-walker": "^2.0.1",
        "picomatch": "^2.2.2"
      }
    },
    "@sveltejs/vite-plugin-svelte": {
      "version": "1.0.8",
      "resolved": "https://registry.npmjs.org/@sveltejs/vite-plugin-svelte/-/vite-plugin-svelte-1.0.8.tgz",
      "integrity": "sha512-1xkVTB4pm6zuign858FzVYE9Fdw9MQBOlxrdd85STV0NvTDmcofcRpcrK+zcIyT8SZ2dseHLu8hvDwzssF6RfA==",
      "dev": true,
      "requires": {
        "@rollup/pluginutils": "^4.2.1",
        "debug": "^4.3.4",
        "deepmerge": "^4.2.2",
        "kleur": "^4.1.5",
        "magic-string": "^0.26.3",
        "svelte-hmr": "^0.15.0"
      }
    },
    "asynckit": {
      "version": "0.4.0"
    },
    "axios": {
      "version": "0.27.2",
      "resolved": "https://registry.npmjs.org/axios/-/axios-0.27.2.tgz",
      "integrity": "sha512-t+yRIyySRTp/wua5xEr+z1q60QmLq8ABsS5O9Me1AsE5dfKqgnCFzwiCZZ/cGNd1lq4/7akDWMxdhVlucjmnOQ==",
      "requires": {
        "follow-redirects": "^1.14.9",
        "form-data": "^4.0.0"
      }
    },
    "combined-stream": {
      "version": "1.0.8",
      "requires": {
        "delayed-stream": "~1.0.0"
      }
    },
    "debug": {
      "version": "4.3.4",
      "dev": true,
      "requires": {
        "ms": "2.1.2"
      }
    },
    "dedent-js": {
      "version": "1.0.1"
    },
    "deepmerge": {
      "version": "4.2.2",
      "dev": true
    },
    "delayed-stream": {
      "version": "1.0.0"
    },
    "esbuild": {
      "version": "0.15.7",
      "dev": true,
      "requires": {
        "@esbuild/linux-loong64": "0.15.7",
        "esbuild-android-64": "0.15.7",
        "esbuild-android-arm64": "0.15.7",
        "esbuild-darwin-64": "0.15.7",
        "esbuild-darwin-arm64": "0.15.7",
        "esbuild-freebsd-64": "0.15.7",
        "esbuild-freebsd-arm64": "0.15.7",
        "esbuild-linux-32": "0.15.7",
        "esbuild-linux-64": "0.15.7",
        "esbuild-linux-arm": "0.15.7",
        "esbuild-linux-arm64": "0.15.7",
        "esbuild-linux-mips64le": "0.15.7",
        "esbuild-linux-ppc64le": "0.15.7",
        "esbuild-linux-riscv64": "0.15.7",
        "esbuild-linux-s390x": "0.15.7",
        "esbuild-netbsd-64": "0.15.7",
        "esbuild-openbsd-64": "0.15.7",
        "esbuild-sunos-64": "0.15.7",
        "esbuild-windows-32": "0.15.7",
        "esbuild-windows-64": "0.15.7",
        "esbuild-windows-arm64": "0.15.7"
      }
    },
    "esbuild-windows-64": {
      "version": "0.15.7",
      "dev": true,
      "optional": true
    },
    "estree-walker": {
      "version": "2.0.2",
      "dev": true
    },
    "follow-redirects": {
      "version": "1.15.1"
    },
    "form-data": {
      "version": "4.0.0",
      "requires": {
        "asynckit": "^0.4.0",
        "combined-stream": "^1.0.8",
        "mime-types": "^2.1.12"
      }
    },
    "fsevents": {
      "version": "2.3.2",
      "resolved": "https://registry.npmjs.org/fsevents/-/fsevents-2.3.2.tgz",
      "integrity": "sha512-xiqMQR4xAeHTuB9uWm+fFRcIOgKBMiOBP+eXiyT7jsgVCq1bkVygt00oASowB7EdtpOHaaPgKt812P9ab+DDKA==",
      "dev": true,
      "optional": true
    },
    "function-bind": {
      "version": "1.1.1",
      "dev": true
    },
    "has": {
      "version": "1.0.3",
      "dev": true,
      "requires": {
        "function-bind": "^1.1.1"
      }
    },
    "is-core-module": {
      "version": "2.10.0",
      "dev": true,
      "requires": {
        "has": "^1.0.3"
      }
    },
    "kleur": {
      "version": "4.1.5",
      "dev": true
    },
    "lower-case": {
      "version": "2.0.2",
      "requires": {
        "tslib": "^2.0.3"
      }
    },
    "magic-string": {
      "version": "0.26.3",
      "dev": true,
      "requires": {
        "sourcemap-codec": "^1.4.8"
      }
    },
    "mime-db": {
      "version": "1.52.0"
    },
    "mime-types": {
      "version": "2.1.35",
      "requires": {
        "mime-db": "1.52.0"
      }
    },
    "ms": {
      "version": "2.1.2",
      "dev": true
    },
    "nanoid": {
      "version": "3.3.4",
      "dev": true
    },
    "no-case": {
      "version": "3.0.4",
      "requires": {
        "lower-case": "^2.0.2",
        "tslib": "^2.0.3"
      }
    },
    "pascal-case": {
      "version": "3.1.2",
      "requires": {
        "no-case": "^3.0.4",
        "tslib": "^2.0.3"
      }
    },
    "path-parse": {
      "version": "1.0.7",
      "dev": true
    },
    "picocolors": {
      "version": "1.0.0",
      "dev": true
    },
    "picomatch": {
      "version": "2.3.1",
      "dev": true
    },
    "postcss": {
      "version": "8.4.16",
      "dev": true,
      "requires": {
        "nanoid": "^3.3.4",
        "picocolors": "^1.0.0",
        "source-map-js": "^1.0.2"
      }
    },
    "resolve": {
      "version": "1.22.1",
      "dev": true,
      "requires": {
        "is-core-module": "^2.9.0",
        "path-parse": "^1.0.7",
        "supports-preserve-symlinks-flag": "^1.0.0"
      }
    },
    "rollup": {
      "version": "2.78.1",
      "dev": true,
      "requires": {
        "fsevents": "~2.3.2"
      }
    },
    "source-map-js": {
      "version": "1.0.2",
      "dev": true
    },
    "sourcemap-codec": {
      "version": "1.4.8",
      "dev": true
    },
    "supports-preserve-symlinks-flag": {
      "version": "1.0.0",
      "dev": true
    },
    "svelte": {
      "version": "3.50.1",
      "resolved": "https://registry.npmjs.org/svelte/-/svelte-3.50.1.tgz",
      "integrity": "sha512-bS4odcsdj5D5jEg6riZuMg5NKelzPtmsCbD9RG+8umU03TeNkdWnP6pqbCm0s8UQNBkqk29w/Bdubn3C+HWSwA=="
    },
    "svelte-hmr": {
      "version": "0.15.0",
      "resolved": "https://registry.npmjs.org/svelte-hmr/-/svelte-hmr-0.15.0.tgz",
      "integrity": "sha512-Aw21SsyoohyVn4yiKXWPNCSW2DQNH/76kvUnE9kpt4h9hcg9tfyQc6xshx9hzgMfGF0kVx0EGD8oBMWSnATeOg==",
      "dev": true,
      "requires": {}
    },
    "svelte-icon": {
      "version": "1.2.4",
      "resolved": "https://registry.npmjs.org/svelte-icon/-/svelte-icon-1.2.4.tgz",
      "integrity": "sha512-fDdTKQAaWUFRRR1f4l65ynXdoAcsR8ikL8G9hOh7gGrjlx/44Ka6flEJHR5mCKoAN/A11n8pd96QcKZpxvmbIQ=="
    },
    "svelte-icons": {
      "version": "2.1.0",
      "resolved": "https://registry.npmjs.org/svelte-icons/-/svelte-icons-2.1.0.tgz",
      "integrity": "sha512-rHPQjweEc9fGSnvM0/4gA3pDHwyZyYsC5KhttCZRhSMJfLttJST5Uq0B16Czhw+HQ+HbSOk8kLigMlPs7gZtfg=="
    },
    "svelte-navigator": {
      "version": "3.2.2",
      "resolved": "https://registry.npmjs.org/svelte-navigator/-/svelte-navigator-3.2.2.tgz",
      "integrity": "sha512-Xio4ohLUG1nQJ+ENNbLphXXu9L189fnI1WGg+2Q3CIMPe8Jm2ipytKQthdBs8t0mN7p3Eb03SE9hq0xZAqwQNQ==",
      "requires": {
        "svelte2tsx": "^0.1.151"
      }
    },
    "svelte2tsx": {
      "version": "0.1.193",
      "requires": {
        "dedent-js": "^1.0.1",
        "pascal-case": "^3.1.1"
      }
    },
    "tslib": {
      "version": "2.4.0"
    },
    "typescript": {
      "version": "4.8.4",
      "resolved": "https://registry.npmjs.org/typescript/-/typescript-4.8.4.tgz",
      "integrity": "sha512-QCh+85mCy+h0IGff8r5XWzOVSbBO+KfeYrMQh7NJ58QujwcE22u+NUSmUxqF+un70P9GXKxa2HCNiTTMJknyjQ==",
      "peer": true
    },
    "vite": {
      "version": "3.1.4",
      "resolved": "https://registry.npmjs.org/vite/-/vite-3.1.4.tgz",
      "integrity": "sha512-JoQI08aBjY9lycL7jcEq4p9o1xUjq5aRvdH4KWaXtkSx7e7RpAh9D3IjzDWRD4Fg44LS3oDAIOG/Kq1L+82psA==",
      "dev": true,
      "requires": {
        "esbuild": "^0.15.6",
        "fsevents": "~2.3.2",
        "postcss": "^8.4.16",
        "resolve": "^1.22.1",
        "rollup": "~2.78.0"
      }
    }
  }
}
